
Microsoft Visual Studio Solution File, Format Version 12.00
Project("{FAE04EC0-301F-11D3-BF4B-00C04F79EFBC}") = "HolloFabrika.Api", "HolloFabrika.Api\HolloFabrika.Api.csproj", "{9002C273-02AA-4816-B372-1F31443B73A7}"
EndProject
Project("{2150E333-8FDC-42A3-9474-1A3956D46DE8}") = "Solution Items", "Solution Items", "{92F79363-ED30-4DD8-8D90-D891622808B8}"
	ProjectSection(SolutionItems) = preProject
		docker-compose.yml = docker-compose.yml
		.env = .env
	EndProjectSection
EndProject
Project("{FAE04EC0-301F-11D3-BF4B-00C04F79EFBC}") = "HolloFabrika.Feature", "HolloFabrika.Feature\HolloFabrika.Feature.csproj", "{CBE53D61-387C-4BEF-98EF-385BB6C465E8}"
EndProject
Project("{FAE04EC0-301F-11D3-BF4B-00C04F79EFBC}") = "HolloFabrika.Infrastructure", "HolloFabrika.Infrastructure\HolloFabrika.Infrastructure.csproj", "{75121840-9DC9-474E-8CFE-84BD95638149}"
EndProject
Project("{2150E333-8FDC-42A3-9474-1A3956D46DE8}") = "Tests", "Tests", "{3D01B009-9524-4A85-AD31-B6BA7E2321F9}"
EndProject
Project("{FAE04EC0-301F-11D3-BF4B-00C04F79EFBC}") = "HolloFabrika.Api.Tests.Integration", "HolloFabrika.Api.Tests.Integration\HolloFabrika.Api.Tests.Integration.csproj", "{5A0E99E2-542E-4433-8D61-E48080DAA6EB}"
EndProject
Global
	GlobalSection(SolutionConfigurationPlatforms) = preSolution
		Debug|Any CPU = Debug|Any CPU
		Release|Any CPU = Release|Any CPU
	EndGlobalSection
	GlobalSection(ProjectConfigurationPlatforms) = postSolution
		{9002C273-02AA-4816-B372-1F31443B73A7}.Debug|Any CPU.ActiveCfg = Debug|Any CPU
		{9002C273-02AA-4816-B372-1F31443B73A7}.Debug|Any CPU.Build.0 = Debug|Any CPU
		{9002C273-02AA-4816-B372-1F31443B73A7}.Release|Any CPU.ActiveCfg = Release|Any CPU
		{9002C273-02AA-4816-B372-1F31443B73A7}.Release|Any CPU.Build.0 = Release|Any CPU
		{CBE53D61-387C-4BEF-98EF-385BB6C465E8}.Debug|Any CPU.ActiveCfg = Debug|Any CPU
		{CBE53D61-387C-4BEF-98EF-385BB6C465E8}.Debug|Any CPU.Build.0 = Debug|Any CPU
		{CBE53D61-387C-4BEF-98EF-385BB6C465E8}.Release|Any CPU.ActiveCfg = Release|Any CPU
		{CBE53D61-387C-4BEF-98EF-385BB6C465E8}.Release|Any CPU.Build.0 = Release|Any CPU
		{75121840-9DC9-474E-8CFE-84BD95638149}.Debug|Any CPU.ActiveCfg = Debug|Any CPU
		{75121840-9DC9-474E-8CFE-84BD95638149}.Debug|Any CPU.Build.0 = Debug|Any CPU
		{75121840-9DC9-474E-8CFE-84BD95638149}.Release|Any CPU.ActiveCfg = Release|Any CPU
		{75121840-9DC9-474E-8CFE-84BD95638149}.Release|Any CPU.Build.0 = Release|Any CPU
		{5A0E99E2-542E-4433-8D61-E48080DAA6EB}.Debug|Any CPU.ActiveCfg = Debug|Any CPU
		{5A0E99E2-542E-4433-8D61-E48080DAA6EB}.Debug|Any CPU.Build.0 = Debug|Any CPU
		{5A0E99E2-542E-4433-8D61-E48080DAA6EB}.Release|Any CPU.ActiveCfg = Release|Any CPU
		{5A0E99E2-542E-4433-8D61-E48080DAA6EB}.Release|Any CPU.Build.0 = Release|Any CPU
	EndGlobalSection
	GlobalSection(NestedProjects) = preSolution
		{5A0E99E2-542E-4433-8D61-E48080DAA6EB} = {3D01B009-9524-4A85-AD31-B6BA7E2321F9}
	EndGlobalSection
EndGlobal
